
Microsoft Visual Studio Solution File, Format Version 12.00
# Visual Studio 15
VisualStudioVersion = 15.0.28010.2016
MinimumVisualStudioVersion = 10.0.40219.1
Project("{FAE04EC0-301F-11D3-BF4B-00C04F79EFBC}") = "ExpenseWebApp", "ExpenseWebApp\ExpenseWebApp.csproj", "{FF103B7A-FF86-42C9-8EBD-F4F5CD3D3E54}"
EndProject
Global
	GlobalSection(SolutionConfigurationPlatforms) = preSolution
		Debug|Any CPU = Debug|Any CPU
		Release|Any CPU = Release|Any CPU
	EndGlobalSection
	GlobalSection(ProjectConfigurationPlatforms) = postSolution
		{FF103B7A-FF86-42C9-8EBD-F4F5CD3D3E54}.Debug|Any CPU.ActiveCfg = Debug|Any CPU
		{FF103B7A-FF86-42C9-8EBD-F4F5CD3D3E54}.Debug|Any CPU.Build.0 = Debug|Any CPU
		{FF103B7A-FF86-42C9-8EBD-F4F5CD3D3E54}.Release|Any CPU.ActiveCfg = Release|Any CPU
		{FF103B7A-FF86-42C9-8EBD-F4F5CD3D3E54}.Release|Any CPU.Build.0 = Release|Any CPU
	EndGlobalSection
	GlobalSection(SolutionProperties) = preSolution
		HideSolutionNode = FALSE
	EndGlobalSection
	GlobalSection(ExtensibilityGlobals) = postSolution
		SolutionGuid = {350D120E-A84A-4D47-BE3D-CC7ED85621A2}
	EndGlobalSection
EndGlobal
